// !$*UTF8*$!
{
	archiveVersion = 1;
	classes = {
	};
	objectVersion = 46;
	objects = {

/* Begin PBXBuildFile section */
		1481650B1B1F1B46006FD53B /* main.m in Sources */ = {isa = PBXBuildFile; fileRef = 1481650A1B1F1B46006FD53B /* main.m */; };
		1481650E1B1F1B46006FD53B /* AppDelegate.m in Sources */ = {isa = PBXBuildFile; fileRef = 1481650D1B1F1B46006FD53B /* AppDelegate.m */; };
		148165111B1F1B46006FD53B /* ViewController.m in Sources */ = {isa = PBXBuildFile; fileRef = 148165101B1F1B46006FD53B /* ViewController.m */; };
		148165141B1F1B46006FD53B /* Main.storyboard in Resources */ = {isa = PBXBuildFile; fileRef = 148165121B1F1B46006FD53B /* Main.storyboard */; };
		148165161B1F1B46006FD53B /* Images.xcassets in Resources */ = {isa = PBXBuildFile; fileRef = 148165151B1F1B46006FD53B /* Images.xcassets */; };
		148165191B1F1B47006FD53B /* LaunchScreen.xib in Resources */ = {isa = PBXBuildFile; fileRef = 148165171B1F1B47006FD53B /* LaunchScreen.xib */; };
		148165251B1F1B47006FD53B /* MYCalendarViewTests.m in Sources */ = {isa = PBXBuildFile; fileRef = 148165241B1F1B47006FD53B /* MYCalendarViewTests.m */; };
		148165311B1F1BDA006FD53B /* MYCalendarView.m in Sources */ = {isa = PBXBuildFile; fileRef = 148165301B1F1BDA006FD53B /* MYCalendarView.m */; };
		148165341B1F1D81006FD53B /* MYDateFormatter.m in Sources */ = {isa = PBXBuildFile; fileRef = 148165331B1F1D81006FD53B /* MYDateFormatter.m */; };
		148165371B1F1E1A006FD53B /* 点选－不可选日期－灰.png in Resources */ = {isa = PBXBuildFile; fileRef = 148165351B1F1E1A006FD53B /* 点选－不可选日期－灰.png */; };
		148165381B1F1E1A006FD53B /* 点选－已选日期－红.png in Resources */ = {isa = PBXBuildFile; fileRef = 148165361B1F1E1A006FD53B /* 点选－已选日期－红.png */; };
		1481653B1B1F1E6A006FD53B /* 点选－日期三角－left.png in Resources */ = {isa = PBXBuildFile; fileRef = 148165391B1F1E6A006FD53B /* 点选－日期三角－left.png */; };
		1481653C1B1F1E6A006FD53B /* 点选－日期三角－right.png in Resources */ = {isa = PBXBuildFile; fileRef = 1481653A1B1F1E6A006FD53B /* 点选－日期三角－right.png */; };
/* End PBXBuildFile section */

/* Begin PBXContainerItemProxy section */
		1481651F1B1F1B47006FD53B /* PBXContainerItemProxy */ = {
			isa = PBXContainerItemProxy;
			containerPortal = 148164FD1B1F1B46006FD53B /* Project object */;
			proxyType = 1;
			remoteGlobalIDString = 148165041B1F1B46006FD53B;
			remoteInfo = MYCalendarView;
		};
/* End PBXContainerItemProxy section */

/* Begin PBXFileReference section */
		148165051B1F1B46006FD53B /* MYCalendarView.app */ = {isa = PBXFileReference; explicitFileType = wrapper.application; includeInIndex = 0; path = MYCalendarView.app; sourceTree = BUILT_PRODUCTS_DIR; };
		148165091B1F1B46006FD53B /* Info.plist */ = {isa = PBXFileReference; lastKnownFileType = text.plist.xml; path = Info.plist; sourceTree = "<group>"; };
		1481650A1B1F1B46006FD53B /* main.m */ = {isa = PBXFileReference; lastKnownFileType = sourcecode.c.objc; path = main.m; sourceTree = "<group>"; };
		1481650C1B1F1B46006FD53B /* AppDelegate.h */ = {isa = PBXFileReference; lastKnownFileType = sourcecode.c.h; path = AppDelegate.h; sourceTree = "<group>"; };
		1481650D1B1F1B46006FD53B /* AppDelegate.m */ = {isa = PBXFileReference; lastKnownFileType = sourcecode.c.objc; path = AppDelegate.m; sourceTree = "<group>"; };
		1481650F1B1F1B46006FD53B /* ViewController.h */ = {isa = PBXFileReference; lastKnownFileType = sourcecode.c.h; path = ViewController.h; sourceTree = "<group>"; };
		148165101B1F1B46006FD53B /* ViewController.m */ = {isa = PBXFileReference; lastKnownFileType = sourcecode.c.objc; path = ViewController.m; sourceTree = "<group>"; };
		148165131B1F1B46006FD53B /* Base */ = {isa = PBXFileReference; lastKnownFileType = file.storyboard; name = Base; path = Base.lproj/Main.storyboard; sourceTree = "<group>"; };
		148165151B1F1B46006FD53B /* Images.xcassets */ = {isa = PBXFileReference; lastKnownFileType = folder.assetcatalog; path = Images.xcassets; sourceTree = "<group>"; };
		148165181B1F1B47006FD53B /* Base */ = {isa = PBXFileReference; lastKnownFileType = file.xib; name = Base; path = Base.lproj/LaunchScreen.xib; sourceTree = "<group>"; };
		1481651E1B1F1B47006FD53B /* MYCalendarViewTests.xctest */ = {isa = PBXFileReference; explicitFileType = wrapper.cfbundle; includeInIndex = 0; path = MYCalendarViewTests.xctest; sourceTree = BUILT_PRODUCTS_DIR; };
		148165231B1F1B47006FD53B /* Info.plist */ = {isa = PBXFileReference; lastKnownFileType = text.plist.xml; path = Info.plist; sourceTree = "<group>"; };
		148165241B1F1B47006FD53B /* MYCalendarViewTests.m */ = {isa = PBXFileReference; lastKnownFileType = sourcecode.c.objc; path = MYCalendarViewTests.m; sourceTree = "<group>"; };
		1481652F1B1F1BDA006FD53B /* MYCalendarView.h */ = {isa = PBXFileReference; fileEncoding = 4; lastKnownFileType = sourcecode.c.h; path = MYCalendarView.h; sourceTree = "<group>"; };
		148165301B1F1BDA006FD53B /* MYCalendarView.m */ = {isa = PBXFileReference; fileEncoding = 4; lastKnownFileType = sourcecode.c.objc; path = MYCalendarView.m; sourceTree = "<group>"; };
		148165321B1F1D81006FD53B /* MYDateFormatter.h */ = {isa = PBXFileReference; fileEncoding = 4; lastKnownFileType = sourcecode.c.h; path = MYDateFormatter.h; sourceTree = "<group>"; };
		148165331B1F1D81006FD53B /* MYDateFormatter.m */ = {isa = PBXFileReference; fileEncoding = 4; lastKnownFileType = sourcecode.c.objc; path = MYDateFormatter.m; sourceTree = "<group>"; };
		148165351B1F1E1A006FD53B /* 点选－不可选日期－灰.png */ = {isa = PBXFileReference; lastKnownFileType = image.png; path = "点选－不可选日期－灰.png"; sourceTree = "<group>"; };
		148165361B1F1E1A006FD53B /* 点选－已选日期－红.png */ = {isa = PBXFileReference; lastKnownFileType = image.png; path = "点选－已选日期－红.png"; sourceTree = "<group>"; };
		148165391B1F1E6A006FD53B /* 点选－日期三角－left.png */ = {isa = PBXFileReference; lastKnownFileType = image.png; path = "点选－日期三角－left.png"; sourceTree = "<group>"; };
		1481653A1B1F1E6A006FD53B /* 点选－日期三角－right.png */ = {isa = PBXFileReference; lastKnownFileType = image.png; path = "点选－日期三角－right.png"; sourceTree = "<group>"; };
/* End PBXFileReference section */

/* Begin PBXFrameworksBuildPhase section */
		148165021B1F1B46006FD53B /* Frameworks */ = {
			isa = PBXFrameworksBuildPhase;
			buildActionMask = 2147483647;
			files = (
			);
			runOnlyForDeploymentPostprocessing = 0;
		};
		1481651B1B1F1B47006FD53B /* Frameworks */ = {
			isa = PBXFrameworksBuildPhase;
			buildActionMask = 2147483647;
			files = (
			);
			runOnlyForDeploymentPostprocessing = 0;
		};
/* End PBXFrameworksBuildPhase section */

/* Begin PBXGroup section */
		148164FC1B1F1B46006FD53B = {
			isa = PBXGroup;
			children = (
				148165071B1F1B46006FD53B /* MYCalendarView */,
				148165211B1F1B47006FD53B /* MYCalendarViewTests */,
				148165061B1F1B46006FD53B /* Products */,
			);
			sourceTree = "<group>";
		};
		148165061B1F1B46006FD53B /* Products */ = {
			isa = PBXGroup;
			children = (
				148165051B1F1B46006FD53B /* MYCalendarView.app */,
				1481651E1B1F1B47006FD53B /* MYCalendarViewTests.xctest */,
			);
			name = Products;
			sourceTree = "<group>";
		};
		148165071B1F1B46006FD53B /* MYCalendarView */ = {
			isa = PBXGroup;
			children = (
				1481652E1B1F1BAF006FD53B /* calendarView */,
				1481650C1B1F1B46006FD53B /* AppDelegate.h */,
				1481650D1B1F1B46006FD53B /* AppDelegate.m */,
				1481650F1B1F1B46006FD53B /* ViewController.h */,
				148165101B1F1B46006FD53B /* ViewController.m */,
				148165121B1F1B46006FD53B /* Main.storyboard */,
				148165151B1F1B46006FD53B /* Images.xcassets */,
				148165171B1F1B47006FD53B /* LaunchScreen.xib */,
				148165081B1F1B46006FD53B /* Supporting Files */,
			);
			path = MYCalendarView;
			sourceTree = "<group>";
		};
		148165081B1F1B46006FD53B /* Supporting Files */ = {
			isa = PBXGroup;
			children = (
				148165091B1F1B46006FD53B /* Info.plist */,
				1481650A1B1F1B46006FD53B /* main.m */,
			);
			name = "Supporting Files";
			sourceTree = "<group>";
		};
		148165211B1F1B47006FD53B /* MYCalendarViewTests */ = {
			isa = PBXGroup;
			children = (
				148165241B1F1B47006FD53B /* MYCalendarViewTests.m */,
				148165221B1F1B47006FD53B /* Supporting Files */,
			);
			path = MYCalendarViewTests;
			sourceTree = "<group>";
		};
		148165221B1F1B47006FD53B /* Supporting Files */ = {
			isa = PBXGroup;
			children = (
				148165231B1F1B47006FD53B /* Info.plist */,
			);
			name = "Supporting Files";
			sourceTree = "<group>";
		};
		1481652E1B1F1BAF006FD53B /* calendarView */ = {
			isa = PBXGroup;
			children = (
				148165391B1F1E6A006FD53B /* 点选－日期三角－left.png */,
				1481653A1B1F1E6A006FD53B /* 点选－日期三角－right.png */,
				148165351B1F1E1A006FD53B /* 点选－不可选日期－灰.png */,
				148165361B1F1E1A006FD53B /* 点选－已选日期－红.png */,
				148165321B1F1D81006FD53B /* MYDateFormatter.h */,
				148165331B1F1D81006FD53B /* MYDateFormatter.m */,
				1481652F1B1F1BDA006FD53B /* MYCalendarView.h */,
				148165301B1F1BDA006FD53B /* MYCalendarView.m */,
			);
			path = calendarView;
			sourceTree = "<group>";
		};
/* End PBXGroup section */

/* Begin PBXNativeTarget section */
		148165041B1F1B46006FD53B /* MYCalendarView */ = {
			isa = PBXNativeTarget;
			buildConfigurationList = 148165281B1F1B47006FD53B /* Build configuration list for PBXNativeTarget "MYCalendarView" */;
			buildPhases = (
				148165011B1F1B46006FD53B /* Sources */,
				148165021B1F1B46006FD53B /* Frameworks */,
				148165031B1F1B46006FD53B /* Resources */,
			);
			buildRules = (
			);
			dependencies = (
			);
			name = MYCalendarView;
			productName = MYCalendarView;
			productReference = 148165051B1F1B46006FD53B /* MYCalendarView.app */;
			productType = "com.apple.product-type.application";
		};
		1481651D1B1F1B47006FD53B /* MYCalendarViewTests */ = {
			isa = PBXNativeTarget;
			buildConfigurationList = 1481652B1B1F1B47006FD53B /* Build configuration list for PBXNativeTarget "MYCalendarViewTests" */;
			buildPhases = (
				1481651A1B1F1B47006FD53B /* Sources */,
				1481651B1B1F1B47006FD53B /* Frameworks */,
				1481651C1B1F1B47006FD53B /* Resources */,
			);
			buildRules = (
			);
			dependencies = (
				148165201B1F1B47006FD53B /* PBXTargetDependency */,
			);
			name = MYCalendarViewTests;
			productName = MYCalendarViewTests;
			productReference = 1481651E1B1F1B47006FD53B /* MYCalendarViewTests.xctest */;
			productType = "com.apple.product-type.bundle.unit-test";
		};
/* End PBXNativeTarget section */

/* Begin PBXProject section */
		148164FD1B1F1B46006FD53B /* Project object */ = {
			isa = PBXProject;
			attributes = {
				LastUpgradeCheck = 0630;
				ORGANIZATIONNAME = hanxiaodong;
				TargetAttributes = {
					148165041B1F1B46006FD53B = {
						CreatedOnToolsVersion = 6.3.2;
					};
					1481651D1B1F1B47006FD53B = {
						CreatedOnToolsVersion = 6.3.2;
						TestTargetID = 148165041B1F1B46006FD53B;
					};
				};
			};
			buildConfigurationList = 148165001B1F1B46006FD53B /* Build configuration list for PBXProject "MYCalendarView" */;
			compatibilityVersion = "Xcode 3.2";
			developmentRegion = English;
			hasScannedForEncodings = 0;
			knownRegions = (
				en,
				Base,
			);
			mainGroup = 148164FC1B1F1B46006FD53B;
			productRefGroup = 148165061B1F1B46006FD53B /* Products */;
			projectDirPath = "";
			projectRoot = "";
			targets = (
				148165041B1F1B46006FD53B /* MYCalendarView */,
				1481651D1B1F1B47006FD53B /* MYCalendarViewTests */,
			);
		};
/* End PBXProject section */

/* Begin PBXResourcesBuildPhase section */
		148165031B1F1B46006FD53B /* Resources */ = {
			isa = PBXResourcesBuildPhase;
			buildActionMask = 2147483647;
			files = (
				148165141B1F1B46006FD53B /* Main.storyboard in Resources */,
				148165381B1F1E1A006FD53B /* 点选－已选日期－红.png in Resources */,
				148165191B1F1B47006FD53B /* LaunchScreen.xib in Resources */,
				1481653B1B1F1E6A006FD53B /* 点选－日期三角－left.png in Resources */,
				148165371B1F1E1A006FD53B /* 点选－不可选日期－灰.png in Resources */,
				1481653C1B1F1E6A006FD53B /* 点选－日期三角－right.png in Resources */,
				148165161B1F1B46006FD53B /* Images.xcassets in Resources */,
			);
			runOnlyForDeploymentPostprocessing = 0;
		};
		1481651C1B1F1B47006FD53B /* Resources */ = {
			isa = PBXResourcesBuildPhase;
			buildActionMask = 2147483647;
			files = (
			);
			runOnlyForDeploymentPostprocessing = 0;
		};
/* End PBXResourcesBuildPhase section */

/* Begin PBXSourcesBuildPhase section */
		148165011B1F1B46006FD53B /* Sources */ = {
			isa = PBXSourcesBuildPhase;
			buildActionMask = 2147483647;
			files = (
				148165111B1F1B46006FD53B /* ViewController.m in Sources */,
				148165341B1F1D81006FD53B /* MYDateFormatter.m in Sources */,
				1481650E1B1F1B46006FD53B /* AppDelegate.m in Sources */,
				148165311B1F1BDA006FD53B /* MYCalendarView.m in Sources */,
				1481650B1B1F1B46006FD53B /* main.m in Sources */,
			);
			runOnlyForDeploymentPostprocessing = 0;
		};
		1481651A1B1F1B47006FD53B /* Sources */ = {
			isa = PBXSourcesBuildPhase;
			buildActionMask = 2147483647;
			files = (
				148165251B1F1B47006FD53B /* MYCalendarViewTests.m in Sources */,
			);
			runOnlyForDeploymentPostprocessing = 0;
		};
/* End PBXSourcesBuildPhase section */

/* Begin PBXTargetDependency section */
		148165201B1F1B47006FD53B /* PBXTargetDependency */ = {
			isa = PBXTargetDependency;
			target = 148165041B1F1B46006FD53B /* MYCalendarView */;
			targetProxy = 1481651F1B1F1B47006FD53B /* PBXContainerItemProxy */;
		};
/* End PBXTargetDependency section */

/* Begin PBXVariantGroup section */
		148165121B1F1B46006FD53B /* Main.storyboard */ = {
			isa = PBXVariantGroup;
			children = (
				148165131B1F1B46006FD53B /* Base */,
			);
			name = Main.storyboard;
			sourceTree = "<group>";
		};
		148165171B1F1B47006FD53B /* LaunchScreen.xib */ = {
			isa = PBXVariantGroup;
			children = (
				148165181B1F1B47006FD53B /* Base */,
			);
			name = LaunchScreen.xib;
			sourceTree = "<group>";
		};
/* End PBXVariantGroup section */

/* Begin XCBuildConfiguration section */
		148165261B1F1B47006FD53B /* Debug */ = {
			isa = XCBuildConfiguration;
			buildSettings = {
				ALWAYS_SEARCH_USER_PATHS = NO;
				CLANG_CXX_LANGUAGE_STANDARD = "gnu++0x";
				CLANG_CXX_LIBRARY = "libc++";
				CLANG_ENABLE_MODULES = YES;
				CLANG_ENABLE_OBJC_ARC = YES;
				CLANG_WARN_BOOL_CONVERSION = YES;
				CLANG_WARN_CONSTANT_CONVERSION = YES;
				CLANG_WARN_DIRECT_OBJC_ISA_USAGE = YES_ERROR;
				CLANG_WARN_EMPTY_BODY = YES;
				CLANG_WARN_ENUM_CONVERSION = YES;
				CLANG_WARN_INT_CONVERSION = YES;
				CLANG_WARN_OBJC_ROOT_CLASS = YES_ERROR;
				CLANG_WARN_UNREACHABLE_CODE = YES;
				CLANG_WARN__DUPLICATE_METHOD_MATCH = YES;
				"CODE_SIGN_IDENTITY[sdk=iphoneos*]" = "iPhone Developer";
				COPY_PHASE_STRIP = NO;
				DEBUG_INFORMATION_FORMAT = "dwarf-with-dsym";
				ENABLE_STRICT_OBJC_MSGSEND = YES;
				GCC_C_LANGUAGE_STANDARD = gnu99;
				GCC_DYNAMIC_NO_PIC = NO;
				GCC_NO_COMMON_BLOCKS = YES;
				GCC_OPTIMIZATION_LEVEL = 0;
				GCC_PREPROCESSOR_DEFINITIONS = (
					"DEBUG=1",
					"$(inherited)",
				);
				GCC_SYMBOLS_PRIVATE_EXTERN = NO;
				GCC_WARN_64_TO_32_BIT_CONVERSION = YES;
				GCC_WARN_ABOUT_RETURN_TYPE = YES_ERROR;
				GCC_WARN_UNDECLARED_SELECTOR = YES;
				GCC_WARN_UNINITIALIZED_AUTOS = YES_AGGRESSIVE;
				GCC_WARN_UNUSED_FUNCTION = YES;
				GCC_WARN_UNUSED_VARIABLE = YES;
				IPHONEOS_DEPLOYMENT_TARGET = 8.3;
				MTL_ENABLE_DEBUG_INFO = YES;
				ONLY_ACTIVE_ARCH = YES;
				SDKROOT = iphoneos;
				TARGETED_DEVICE_FAMILY = "1,2";
			};
			name = Debug;
		};
		148165271B1F1B47006FD53B /* Release */ = {
			isa = XCBuildConfiguration;
			buildSettings = {
				ALWAYS_SEARCH_USER_PATHS = NO;
				CLANG_CXX_LANGUAGE_STANDARD = "gnu++0x";
				CLANG_CXX_LIBRARY = "libc++";
				CLANG_ENABLE_MODULES = YES;
				CLANG_ENABLE_OBJC_ARC = YES;
				CLANG_WARN_BOOL_CONVERSION = YES;
				CLANG_WARN_CONSTANT_CONVERSION = YES;
				CLANG_WARN_DIRECT_OBJC_ISA_USAGE = YES_ERROR;
				CLANG_WARN_EMPTY_BODY = YES;
				CLANG_WARN_ENUM_CONVERSION = YES;
				CLANG_WARN_INT_CONVERSION = YES;
				CLANG_WARN_OBJC_ROOT_CLASS = YES_ERROR;
				CLANG_WARN_UNREACHABLE_CODE = YES;
				CLANG_WARN__DUPLICATE_METHOD_MATCH = YES;
				"CODE_SIGN_IDENTITY[sdk=iphoneos*]" = "iPhone Developer";
				COPY_PHASE_STRIP = NO;
				DEBUG_INFORMATION_FORMAT = "dwarf-with-dsym";
				ENABLE_NS_ASSERTIONS = NO;
				ENABLE_STRICT_OBJC_MSGSEND = YES;
				GCC_C_LANGUAGE_STANDARD = gnu99;
				GCC_NO_COMMON_BLOCKS = YES;
				GCC_WARN_64_TO_32_BIT_CONVERSION = YES;
				GCC_WARN_ABOUT_RETURN_TYPE = YES_ERROR;
				GCC_WARN_UNDECLARED_SELECTOR = YES;
				GCC_WARN_UNINITIALIZED_AUTOS = YES_AGGRESSIVE;
				GCC_WARN_UNUSED_FUNCTION = YES;
				GCC_WARN_UNUSED_VARIABLE = YES;
				IPHONEOS_DEPLOYMENT_TARGET = 8.3;
				MTL_ENABLE_DEBUG_INFO = NO;
				SDKROOT = iphoneos;
				TARGETED_DEVICE_FAMILY = "1,2";
				VALIDATE_PRODUCT = YES;
			};
			name = Release;
		};
		148165291B1F1B47006FD53B /* Debug */ = {
			isa = XCBuildConfiguration;
			buildSettings = {
				ASSETCATALOG_COMPILER_APPICON_NAME = AppIcon;
				INFOPLIST_FILE = MYCalendarView/Info.plist;
				IPHONEOS_DEPLOYMENT_TARGET = 7.0;
				LD_RUNPATH_SEARCH_PATHS = "$(inherited) @executable_path/Frameworks";
				PRODUCT_NAME = "$(TARGET_NAME)";
				TARGETED_DEVICE_FAMILY = 1;
			};
			name = Debug;
		};
		1481652A1B1F1B47006FD53B /* Release */ = {
			isa = XCBuildConfiguration;
			buildSettings = {
				ASSETCATALOG_COMPILER_APPICON_NAME = AppIcon;
				INFOPLIST_FILE = MYCalendarView/Info.plist;
				IPHONEOS_DEPLOYMENT_TARGET = 7.0;
				LD_RUNPATH_SEARCH_PATHS = "$(inherited) @executable_path/Frameworks";
				PRODUCT_NAME = "$(TARGET_NAME)";
				TARGETED_DEVICE_FAMILY = 1;
			};
			name = Release;
		};
		1481652C1B1F1B47006FD53B /* Debug */ = {
			isa = XCBuildConfiguration;
			buildSettings = {
				BUNDLE_LOADER = "$(TEST_HOST)";
				FRAMEWORK_SEARCH_PATHS = (
					"$(SDKROOT)/Developer/Library/Frameworks",
					"$(inherited)",
				);
				GCC_PREPROCESSOR_DEFINITIONS = (
					"DEBUG=1",
					"$(inherited)",
				);
				INFOPLIST_FILE = MYCalendarViewTests/Info.plist;
				LD_RUNPATH_SEARCH_PATHS = "$(inherited) @executable_path/Frameworks @loader_path/Frameworks";
				PRODUCT_NAME = "$(TARGET_NAME)";
				TEST_HOST = "$(BUILT_PRODUCTS_DIR)/MYCalendarView.app/MYCalendarView";
			};
			name = Debug;
		};
		1481652D1B1F1B47006FD53B /* Release */ = {
			isa = XCBuildConfiguration;
			buildSettings = {
				BUNDLE_LOADER = "$(TEST_HOST)";
				FRAMEWORK_SEARCH_PATHS = (
					"$(SDKROOT)/Developer/Library/Frameworks",
					"$(inherited)",
				);
				INFOPLIST_FILE = MYCalendarViewTests/Info.plist;
				LD_RUNPATH_SEARCH_PATHS = "$(inherited) @executable_path/Frameworks @loader_path/Frameworks";
				PRODUCT_NAME = "$(TARGET_NAME)";
				TEST_HOST = "$(BUILT_PRODUCTS_DIR)/MYCalendarView.app/MYCalendarView";
			};
			name = Release;
		};
/* End XCBuildConfiguration section */

/* Begin XCConfigurationList section */
		148165001B1F1B46006FD53B /* Build configuration list for PBXProject "MYCalendarView" */ = {
			isa = XCConfigurationList;
			buildConfigurations = (
				148165261B1F1B47006FD53B /* Debug */,
				148165271B1F1B47006FD53B /* Release */,
			);
			defaultConfigurationIsVisible = 0;
			defaultConfigurationName = Release;
		};
		148165281B1F1B47006FD53B /* Build configuration list for PBXNativeTarget "MYCalendarView" */ = {
			isa = XCConfigurationList;
			buildConfigurations = (
				148165291B1F1B47006FD53B /* Debug */,
				1481652A1B1F1B47006FD53B /* Release */,
			);
			defaultConfigurationIsVisible = 0;
		};
		1481652B1B1F1B47006FD53B /* Build configuration list for PBXNativeTarget "MYCalendarViewTests" */ = {
			isa = XCConfigurationList;
			buildConfigurations = (
				1481652C1B1F1B47006FD53B /* Debug */,
				1481652D1B1F1B47006FD53B /* Release */,
			);
			defaultConfigurationIsVisible = 0;
		};
/* End XCConfigurationList section */
	};
	rootObject = 148164FD1B1F1B46006FD53B /* Project object */;
}
